
Microsoft Visual Studio Solution File, Format Version 12.00
# Visual Studio Version 16
VisualStudioVersion = 16.0.29215.179
MinimumVisualStudioVersion = 10.0.40219.1
Project("{8BC9CEB8-8B4A-11D0-8D11-00A0C91BC942}") = "13_proxy", "13_proxy.vcxproj", "{E8CEF5AC-CE0E-48B1-8DC7-7F28EF364D8A}"
EndProject
Global
	GlobalSection(SolutionConfigurationPlatforms) = preSolution
		Debug|x64 = Debug|x64
		Debug|x86 = Debug|x86
		Release|x64 = Release|x64
		Release|x86 = Release|x86
	EndGlobalSection
	GlobalSection(ProjectConfigurationPlatforms) = postSolution
		{E8CEF5AC-CE0E-48B1-8DC7-7F28EF364D8A}.Debug|x64.ActiveCfg = Debug|x64
		{E8CEF5AC-CE0E-48B1-8DC7-7F28EF364D8A}.Debug|x64.Build.0 = Debug|x64
		{E8CEF5AC-CE0E-48B1-8DC7-7F28EF364D8A}.Debug|x86.ActiveCfg = Debug|Win32
		{E8CEF5AC-CE0E-48B1-8DC7-7F28EF364D8A}.Debug|x86.Build.0 = Debug|Win32
		{E8CEF5AC-CE0E-48B1-8DC7-7F28EF364D8A}.Release|x64.ActiveCfg = Release|x64
		{E8CEF5AC-CE0E-48B1-8DC7-7F28EF364D8A}.Release|x64.Build.0 = Release|x64
		{E8CEF5AC-CE0E-48B1-8DC7-7F28EF364D8A}.Release|x86.ActiveCfg = Release|Win32
		{E8CEF5AC-CE0E-48B1-8DC7-7F28EF364D8A}.Release|x86.Build.0 = Release|Win32
	EndGlobalSection
	GlobalSection(SolutionProperties) = preSolution
		HideSolutionNode = FALSE
	EndGlobalSection
	GlobalSection(ExtensibilityGlobals) = postSolution
		SolutionGuid = {94E7C6ED-F207-4F58-8814-E3C1E4F840A5}
	EndGlobalSection
EndGlobal
